
Microsoft Visual Studio Solution File, Format Version 12.00
# Visual Studio 14
VisualStudioVersion = 14.0.25420.1
MinimumVisualStudioVersion = 10.0.40219.1
Project("{FAE04EC0-301F-11D3-BF4B-00C04F79EFBC}") = "AtmCashTest.WcfService", "AtmCashTest.WcfService\AtmCashTest.WcfService.csproj", "{7BE17046-616E-43A3-97B1-6755F6EF77A4}"
EndProject
Project("{FAE04EC0-301F-11D3-BF4B-00C04F79EFBC}") = "AtmCashTest.WpfClient", "AtmCashTest.WpfClient\AtmCashTest.WpfClient.csproj", "{F9A09468-A368-46B9-8973-AFA761DA4A06}"
	ProjectSection(ProjectDependencies) = postProject
		{7BE17046-616E-43A3-97B1-6755F6EF77A4} = {7BE17046-616E-43A3-97B1-6755F6EF77A4}
	EndProjectSection
EndProject
Project("{FAE04EC0-301F-11D3-BF4B-00C04F79EFBC}") = "AtmCashTest.Data", "AtmCashTest.Data\AtmCashTest.Data.csproj", "{E355359F-984C-492F-A5F7-CC1978979AAF}"
EndProject
Project("{FAE04EC0-301F-11D3-BF4B-00C04F79EFBC}") = "AtmCashTest.Core", "AtmCashTest.Core\AtmCashTest.Core.csproj", "{D2F51B72-B1EA-4CC2-89EE-031249F01E9B}"
EndProject
Project("{FAE04EC0-301F-11D3-BF4B-00C04F79EFBC}") = "AtmCashTest.WebApi", "AtmCashTest.WebApi\AtmCashTest.WebApi.csproj", "{210F480D-5CB0-480B-B0E6-295B6F517237}"
EndProject
Global
	GlobalSection(SolutionConfigurationPlatforms) = preSolution
		Debug|Any CPU = Debug|Any CPU
		Release|Any CPU = Release|Any CPU
	EndGlobalSection
	GlobalSection(ProjectConfigurationPlatforms) = postSolution
		{7BE17046-616E-43A3-97B1-6755F6EF77A4}.Debug|Any CPU.ActiveCfg = Debug|Any CPU
		{7BE17046-616E-43A3-97B1-6755F6EF77A4}.Debug|Any CPU.Build.0 = Debug|Any CPU
		{7BE17046-616E-43A3-97B1-6755F6EF77A4}.Release|Any CPU.ActiveCfg = Release|Any CPU
		{7BE17046-616E-43A3-97B1-6755F6EF77A4}.Release|Any CPU.Build.0 = Release|Any CPU
		{F9A09468-A368-46B9-8973-AFA761DA4A06}.Debug|Any CPU.ActiveCfg = Debug|Any CPU
		{F9A09468-A368-46B9-8973-AFA761DA4A06}.Debug|Any CPU.Build.0 = Debug|Any CPU
		{F9A09468-A368-46B9-8973-AFA761DA4A06}.Release|Any CPU.ActiveCfg = Release|Any CPU
		{F9A09468-A368-46B9-8973-AFA761DA4A06}.Release|Any CPU.Build.0 = Release|Any CPU
		{E355359F-984C-492F-A5F7-CC1978979AAF}.Debug|Any CPU.ActiveCfg = Debug|Any CPU
		{E355359F-984C-492F-A5F7-CC1978979AAF}.Debug|Any CPU.Build.0 = Debug|Any CPU
		{E355359F-984C-492F-A5F7-CC1978979AAF}.Release|Any CPU.ActiveCfg = Release|Any CPU
		{E355359F-984C-492F-A5F7-CC1978979AAF}.Release|Any CPU.Build.0 = Release|Any CPU
		{D2F51B72-B1EA-4CC2-89EE-031249F01E9B}.Debug|Any CPU.ActiveCfg = Debug|Any CPU
		{D2F51B72-B1EA-4CC2-89EE-031249F01E9B}.Debug|Any CPU.Build.0 = Debug|Any CPU
		{D2F51B72-B1EA-4CC2-89EE-031249F01E9B}.Release|Any CPU.ActiveCfg = Release|Any CPU
		{D2F51B72-B1EA-4CC2-89EE-031249F01E9B}.Release|Any CPU.Build.0 = Release|Any CPU
		{210F480D-5CB0-480B-B0E6-295B6F517237}.Debug|Any CPU.ActiveCfg = Debug|Any CPU
		{210F480D-5CB0-480B-B0E6-295B6F517237}.Debug|Any CPU.Build.0 = Debug|Any CPU
		{210F480D-5CB0-480B-B0E6-295B6F517237}.Release|Any CPU.ActiveCfg = Release|Any CPU
		{210F480D-5CB0-480B-B0E6-295B6F517237}.Release|Any CPU.Build.0 = Release|Any CPU
	EndGlobalSection
	GlobalSection(SolutionProperties) = preSolution
		HideSolutionNode = FALSE
	EndGlobalSection
EndGlobal
